
Microsoft Visual Studio Solution File, Format Version 12.00
# Visual Studio 2013
VisualStudioVersion = 12.0.31101.0
MinimumVisualStudioVersion = 10.0.40219.1
Project("{FAE04EC0-301F-11D3-BF4B-00C04F79EFBC}") = "TwitterStreamer", "TwitterStreamer\TwitterStreamer.csproj", "{84865193-35F3-45B9-9CE8-96ACAEB8DF18}"
EndProject
Project("{FAE04EC0-301F-11D3-BF4B-00C04F79EFBC}") = "TwitterStreamerTest", "TwitterStreamerTest\TwitterStreamerTest.csproj", "{E3AA766D-0BEE-435A-ACF6-C72B90673303}"
EndProject
Global
	GlobalSection(TeamFoundationVersionControl) = preSolution
		SccNumberOfProjects = 3
		SccEnterpriseProvider = {4CA58AB2-18FA-4F8D-95D4-32DDF27D184C}
		SccTeamFoundationServer = https://dysfunctionalcrook.visualstudio.com/defaultcollection
		SccLocalPath0 = .
		SccProjectUniqueName1 = TwitterStreamer\\TwitterStreamer.csproj
		SccProjectName1 = TwitterStreamer
		SccLocalPath1 = TwitterStreamer
		SccProjectUniqueName2 = TwitterStreamerTest\\TwitterStreamerTest.csproj
		SccProjectName2 = TwitterStreamerTest
		SccLocalPath2 = TwitterStreamerTest
	EndGlobalSection
	GlobalSection(SolutionConfigurationPlatforms) = preSolution
		Debug|Any CPU = Debug|Any CPU
		Release|Any CPU = Release|Any CPU
	EndGlobalSection
	GlobalSection(ProjectConfigurationPlatforms) = postSolution
		{84865193-35F3-45B9-9CE8-96ACAEB8DF18}.Debug|Any CPU.ActiveCfg = Debug|Any CPU
		{84865193-35F3-45B9-9CE8-96ACAEB8DF18}.Debug|Any CPU.Build.0 = Debug|Any CPU
		{84865193-35F3-45B9-9CE8-96ACAEB8DF18}.Release|Any CPU.ActiveCfg = Release|Any CPU
		{84865193-35F3-45B9-9CE8-96ACAEB8DF18}.Release|Any CPU.Build.0 = Release|Any CPU
		{E3AA766D-0BEE-435A-ACF6-C72B90673303}.Debug|Any CPU.ActiveCfg = Debug|Any CPU
		{E3AA766D-0BEE-435A-ACF6-C72B90673303}.Debug|Any CPU.Build.0 = Debug|Any CPU
		{E3AA766D-0BEE-435A-ACF6-C72B90673303}.Release|Any CPU.ActiveCfg = Release|Any CPU
		{E3AA766D-0BEE-435A-ACF6-C72B90673303}.Release|Any CPU.Build.0 = Release|Any CPU
	EndGlobalSection
	GlobalSection(SolutionProperties) = preSolution
		HideSolutionNode = FALSE
	EndGlobalSection
EndGlobal
